{
  "name": "weaveiodtcentral",
  "version": "1.0.0",
  "lockfileVersion": 3,
  "requires": true,
  "packages": {
    "": {
      "name": "weaveiodtcentral",
      "version": "1.0.0",
      "license": "ISC",
      "dependencies": {
        "meshline": "^3.3.1"
      }
    },
    "node_modules/meshline": {
      "version": "3.3.1",
      "resolved": "https://registry.npmjs.org/meshline/-/meshline-3.3.1.tgz",
      "integrity": "sha512-/TQj+JdZkeSUOl5Mk2J7eLcYTLiQm2IDzmlSvYm7ov15anEcDJ92GHqqazxTSreeNgfnYu24kiEvvv0WlbCdFQ==",
      "license": "MIT",
      "peerDependencies": {
        "three": ">=0.137"
      }
    },
    "node_modules/three": {
      "version": "0.185.1",
      "resolved": "https://registry.npmjs.org/three/-/three-0.185.1.tgz",
      "integrity": "sha512-5aojFCXKwnjBRZvUnt3WFfEcvUJgkN5LlijRFN95hMy8WVkG4I0QNcJE+OuWvuJ0bOdStrbfXn0pkd6/QyiAlg==",
      "license": "MIT",
      "peer": true
    }
  }
}
